
Microsoft Visual Studio Solution File, Format Version 12.00
# Visual Studio Version 16
VisualStudioVersion = 16.0.29215.179
MinimumVisualStudioVersion = 10.0.40219.1
Project("{FAE04EC0-301F-11D3-BF4B-00C04F79EFBC}") = "CouponBuddy", "CouponBuddy\CouponBuddy.csproj", "{F5321E6D-5CD5-46AC-9BAB-F65060B19875}"
EndProject
Project("{9A19103F-16F7-4668-BE54-9A1E7A4F7556}") = "CouponBuddy.Api", "CouponBuddy.Api\CouponBuddy.Api.csproj", "{6FB88E90-5BDD-4988-8EDC-1F809E1BA281}"
EndProject
Project("{9A19103F-16F7-4668-BE54-9A1E7A4F7556}") = "CouponBuddy.Entities", "CouponBuddy.Entities\CouponBuddy.Entities.csproj", "{D14ADC96-5BDE-4FA3-877D-AE4E7EFE74F0}"
EndProject
Project("{FAE04EC0-301F-11D3-BF4B-00C04F79EFBC}") = "CouponBuddy.Util", "CouponBuddy.Util\CouponBuddy.Util.csproj", "{B84DCA69-9A75-4823-AA41-ECE9AB597995}"
EndProject
Project("{9A19103F-16F7-4668-BE54-9A1E7A4F7556}") = "CouponBuddy.Web", "CouponBuddy.Web\CouponBuddy.Web.csproj", "{2B9F3B69-EAF2-4F17-9755-208A896835BC}"
EndProject
Global
	GlobalSection(SolutionConfigurationPlatforms) = preSolution
		Debug|Any CPU = Debug|Any CPU
		Release|Any CPU = Release|Any CPU
	EndGlobalSection
	GlobalSection(ProjectConfigurationPlatforms) = postSolution
		{F5321E6D-5CD5-46AC-9BAB-F65060B19875}.Debug|Any CPU.ActiveCfg = Debug|Any CPU
		{F5321E6D-5CD5-46AC-9BAB-F65060B19875}.Debug|Any CPU.Build.0 = Debug|Any CPU
		{F5321E6D-5CD5-46AC-9BAB-F65060B19875}.Release|Any CPU.ActiveCfg = Release|Any CPU
		{F5321E6D-5CD5-46AC-9BAB-F65060B19875}.Release|Any CPU.Build.0 = Release|Any CPU
		{6FB88E90-5BDD-4988-8EDC-1F809E1BA281}.Debug|Any CPU.ActiveCfg = Debug|Any CPU
		{6FB88E90-5BDD-4988-8EDC-1F809E1BA281}.Debug|Any CPU.Build.0 = Debug|Any CPU
		{6FB88E90-5BDD-4988-8EDC-1F809E1BA281}.Release|Any CPU.ActiveCfg = Release|Any CPU
		{6FB88E90-5BDD-4988-8EDC-1F809E1BA281}.Release|Any CPU.Build.0 = Release|Any CPU
		{D14ADC96-5BDE-4FA3-877D-AE4E7EFE74F0}.Debug|Any CPU.ActiveCfg = Debug|Any CPU
		{D14ADC96-5BDE-4FA3-877D-AE4E7EFE74F0}.Debug|Any CPU.Build.0 = Debug|Any CPU
		{D14ADC96-5BDE-4FA3-877D-AE4E7EFE74F0}.Release|Any CPU.ActiveCfg = Release|Any CPU
		{D14ADC96-5BDE-4FA3-877D-AE4E7EFE74F0}.Release|Any CPU.Build.0 = Release|Any CPU
		{B84DCA69-9A75-4823-AA41-ECE9AB597995}.Debug|Any CPU.ActiveCfg = Debug|Any CPU
		{B84DCA69-9A75-4823-AA41-ECE9AB597995}.Debug|Any CPU.Build.0 = Debug|Any CPU
		{B84DCA69-9A75-4823-AA41-ECE9AB597995}.Release|Any CPU.ActiveCfg = Release|Any CPU
		{B84DCA69-9A75-4823-AA41-ECE9AB597995}.Release|Any CPU.Build.0 = Release|Any CPU
		{2B9F3B69-EAF2-4F17-9755-208A896835BC}.Debug|Any CPU.ActiveCfg = Debug|Any CPU
		{2B9F3B69-EAF2-4F17-9755-208A896835BC}.Debug|Any CPU.Build.0 = Debug|Any CPU
		{2B9F3B69-EAF2-4F17-9755-208A896835BC}.Release|Any CPU.ActiveCfg = Release|Any CPU
		{2B9F3B69-EAF2-4F17-9755-208A896835BC}.Release|Any CPU.Build.0 = Release|Any CPU
	EndGlobalSection
	GlobalSection(SolutionProperties) = preSolution
		HideSolutionNode = FALSE
	EndGlobalSection
	GlobalSection(ExtensibilityGlobals) = postSolution
		SolutionGuid = {5A88E179-D012-4D71-B4CC-35EED4116B94}
	EndGlobalSection
EndGlobal
